
Microsoft Visual Studio Solution File, Format Version 12.00
# Visual Studio 15
VisualStudioVersion = 15.0.27130.2027
MinimumVisualStudioVersion = 10.0.40219.1
Project("{9A19103F-16F7-4668-BE54-9A1E7A4F7556}") = "_build", "build\_build.csproj", "{AD2C85FF-6F3C-4A69-8A52-6DDF785D62EF}"
EndProject
Project("{9A19103F-16F7-4668-BE54-9A1E7A4F7556}") = "Nuke.Azure.KeyVault", "src\Nuke.Azure.KeyVault\Nuke.Azure.KeyVault.csproj", "{440EC8CA-99BD-42C5-9C27-DA2E45DE8EDC}"
EndProject
Project("{9A19103F-16F7-4668-BE54-9A1E7A4F7556}") = "Nuke.Azure.KeyVault.Tests", "src\Nuke.Azure.KeyVault.Tests\Nuke.Azure.KeyVault.Tests.csproj", "{88DD9192-6DA5-45AE-B1A0-94591418BF9E}"
EndProject
Project("{2150E333-8FDC-42A3-9474-1A3956D46DE8}") = "misc", "misc", "{E6507DE2-D1D5-4513-854E-1986566ABBF8}"
	ProjectSection(SolutionItems) = preProject
		CHANGELOG.md = CHANGELOG.md
		README.md = README.md
	EndProjectSection
EndProject
Global
	GlobalSection(SolutionConfigurationPlatforms) = preSolution
		Debug|Any CPU = Debug|Any CPU
		Release|Any CPU = Release|Any CPU
	EndGlobalSection
	GlobalSection(ProjectConfigurationPlatforms) = postSolution
		{AD2C85FF-6F3C-4A69-8A52-6DDF785D62EF}.Debug|Any CPU.ActiveCfg = Debug|Any CPU
		{AD2C85FF-6F3C-4A69-8A52-6DDF785D62EF}.Release|Any CPU.ActiveCfg = Debug|Any CPU
		{440EC8CA-99BD-42C5-9C27-DA2E45DE8EDC}.Debug|Any CPU.ActiveCfg = Debug|Any CPU
		{440EC8CA-99BD-42C5-9C27-DA2E45DE8EDC}.Debug|Any CPU.Build.0 = Debug|Any CPU
		{440EC8CA-99BD-42C5-9C27-DA2E45DE8EDC}.Release|Any CPU.ActiveCfg = Release|Any CPU
		{440EC8CA-99BD-42C5-9C27-DA2E45DE8EDC}.Release|Any CPU.Build.0 = Release|Any CPU
		{88DD9192-6DA5-45AE-B1A0-94591418BF9E}.Debug|Any CPU.ActiveCfg = Debug|Any CPU
		{88DD9192-6DA5-45AE-B1A0-94591418BF9E}.Debug|Any CPU.Build.0 = Debug|Any CPU
		{88DD9192-6DA5-45AE-B1A0-94591418BF9E}.Release|Any CPU.ActiveCfg = Release|Any CPU
		{88DD9192-6DA5-45AE-B1A0-94591418BF9E}.Release|Any CPU.Build.0 = Release|Any CPU
	EndGlobalSection
	GlobalSection(SolutionProperties) = preSolution
		HideSolutionNode = FALSE
	EndGlobalSection
	GlobalSection(NestedProjects) = preSolution
	EndGlobalSection
	GlobalSection(ExtensibilityGlobals) = postSolution
		SolutionGuid = {A2C37D4D-74E1-443B-999B-505B8C6694C9}
	EndGlobalSection
EndGlobal
